
Microsoft Visual Studio Solution File, Format Version 12.00
# Visual Studio 15
VisualStudioVersion = 15.0.28307.1705
MinimumVisualStudioVersion = 10.0.40219.1
Project("{FAE04EC0-301F-11D3-BF4B-00C04F79EFBC}") = "zatca.einvoicing", "zatca\zatca.einvoicing.csproj", "{A91344DB-CB5A-48D0-B877-30230A778DAC}"
EndProject
Project("{FAE04EC0-301F-11D3-BF4B-00C04F79EFBC}") = "TestApp", "TestApp\TestApp.csproj", "{7A09244B-2853-4EF4-8DBF-DC94DA668D10}"
EndProject
Global
	GlobalSection(SolutionConfigurationPlatforms) = preSolution
		Debug|Any CPU = Debug|Any CPU
		Release|Any CPU = Release|Any CPU
	EndGlobalSection
	GlobalSection(ProjectConfigurationPlatforms) = postSolution
		{A91344DB-CB5A-48D0-B877-30230A778DAC}.Debug|Any CPU.ActiveCfg = Debug|Any CPU
		{A91344DB-CB5A-48D0-B877-30230A778DAC}.Debug|Any CPU.Build.0 = Debug|Any CPU
		{A91344DB-CB5A-48D0-B877-30230A778DAC}.Release|Any CPU.ActiveCfg = Release|Any CPU
		{A91344DB-CB5A-48D0-B877-30230A778DAC}.Release|Any CPU.Build.0 = Release|Any CPU
		{7A09244B-2853-4EF4-8DBF-DC94DA668D10}.Debug|Any CPU.ActiveCfg = Debug|Any CPU
		{7A09244B-2853-4EF4-8DBF-DC94DA668D10}.Debug|Any CPU.Build.0 = Debug|Any CPU
		{7A09244B-2853-4EF4-8DBF-DC94DA668D10}.Release|Any CPU.ActiveCfg = Release|Any CPU
		{7A09244B-2853-4EF4-8DBF-DC94DA668D10}.Release|Any CPU.Build.0 = Release|Any CPU
	EndGlobalSection
	GlobalSection(SolutionProperties) = preSolution
		HideSolutionNode = FALSE
	EndGlobalSection
	GlobalSection(ExtensibilityGlobals) = postSolution
		SolutionGuid = {238B16AF-73BC-4E45-866E-86A5F015C5C2}
	EndGlobalSection
EndGlobal
